{
  "name": "SurfsUp",
  "lockfileVersion": 2,
  "requires": true,
  "packages": {
    "": {
      "dependencies": {
        "cldr": "^7.2.0"
      }
    },
    "node_modules/@xmldom/xmldom": {
      "version": "0.8.2",
      "resolved": "https://registry.npmjs.org/@xmldom/xmldom/-/xmldom-0.8.2.tgz",
      "integrity": "sha512-+R0juSseERyoPvnBQ/cZih6bpF7IpCXlWbHRoCRzYzqpz6gWHOgf8o4MOEf6KBVuOyqU+gCNLkCWVIJAro8XyQ==",
      "engines": {
        "node": ">=10.0.0"
      }
    },
    "node_modules/chainsaw": {
      "version": "0.0.9",
      "resolved": "https://registry.npmjs.org/chainsaw/-/chainsaw-0.0.9.tgz",
      "integrity": "sha512-nG8PYH+/4xB+8zkV4G844EtfvZ5tTiLFoX3dZ4nhF4t3OCKIb9UvaFyNmeZO2zOSmRWzBoTD+napN6hiL+EgcA==",
      "dependencies": {
        "traverse": ">=0.3.0 <0.4"
      },
      "engines": {
        "node": "*"
      }
    },
    "node_modules/cldr": {
      "version": "7.2.0",
      "resolved": "https://registry.npmjs.org/cldr/-/cldr-7.2.0.tgz",
      "integrity": "sha512-NJB6wpFlIVrS4BhA/Q1a6UuS6MuFr5o2XhfosM6a+W+rad/Rt0HLLX3kuXdRrwHQZvla25iuzTkRnxOKjS+VhQ==",
      "dependencies": {
        "@xmldom/xmldom": "^0.8.0",
        "escodegen": "^2.0.0",
        "esprima": "^4.0.1",
        "memoizeasync": "^1.1.0",
        "passerror": "^1.1.1",
        "pegjs": "^0.10.0",
        "seq": "^0.3.5",
        "unicoderegexp": "^0.4.1",
        "xpath": "^0.0.32"
      }
    },
    "node_modules/deep-is": {
      "version": "0.1.4",
      "resolved": "https://registry.npmjs.org/deep-is/-/deep-is-0.1.4.tgz",
      "integrity": "sha512-oIPzksmTg4/MriiaYGO+okXDT7ztn/w3Eptv/+gSIdMdKsJo0u4CfYNFJPy+4SKMuCqGw2wxnA+URMg3t8a/bQ=="
    },
    "node_modules/escodegen": {
      "version": "2.0.0",
      "resolved": "https://registry.npmjs.org/escodegen/-/escodegen-2.0.0.tgz",
      "integrity": "sha512-mmHKys/C8BFUGI+MAWNcSYoORYLMdPzjrknd2Vc+bUsjN5bXcr8EhrNB+UTqfL1y3I9c4fw2ihgtMPQLBRiQxw==",
      "dependencies": {
        "esprima": "^4.0.1",
        "estraverse": "^5.2.0",
        "esutils": "^2.0.2",
        "optionator": "^0.8.1"
      },
      "bin": {
        "escodegen": "bin/escodegen.js",
        "esgenerate": "bin/esgenerate.js"
      },
      "engines": {
        "node": ">=6.0"
      },
      "optionalDependencies": {
        "source-map": "~0.6.1"
      }
    },
    "node_modules/esprima": {
      "version": "4.0.1",
      "resolved": "https://registry.npmjs.org/esprima/-/esprima-4.0.1.tgz",
      "integrity": "sha512-eGuFFw7Upda+g4p+QHvnW0RyTX/SVeJBDM/gCtMARO0cLuT2HcEKnTPvhjV6aGeqrCB/sbNop0Kszm0jsaWU4A==",
      "bin": {
        "esparse": "bin/esparse.js",
        "esvalidate": "bin/esvalidate.js"
      },
      "engines": {
        "node": ">=4"
      }
    },
    "node_modules/estraverse": {
      "version": "5.3.0",
      "resolved": "https://registry.npmjs.org/estraverse/-/estraverse-5.3.0.tgz",
      "integrity": "sha512-MMdARuVEQziNTeJD8DgMqmhwR11BRQ/cBP+pLtYdSTnf3MIO8fFeiINEbX36ZdNlfU/7A9f3gUw49B3oQsvwBA==",
      "engines": {
        "node": ">=4.0"
      }
    },
    "node_modules/esutils": {
      "version": "2.0.3",
      "resolved": "https://registry.npmjs.org/esutils/-/esutils-2.0.3.tgz",
      "integrity": "sha512-kVscqXk4OCp68SZ0dkgEKVi6/8ij300KBWTJq32P/dYeWTSwK41WyTxalN1eRmA5Z9UU/LX9D7FWSmV9SAYx6g==",
      "engines": {
        "node": ">=0.10.0"
      }
    },
    "node_modules/fast-levenshtein": {
      "version": "2.0.6",
      "resolved": "https://registry.npmjs.org/fast-levenshtein/-/fast-levenshtein-2.0.6.tgz",
      "integrity": "sha512-DCXu6Ifhqcks7TZKY3Hxp3y6qphY5SJZmrWMDrKcERSOXWQdMhU9Ig/PYrzyw/ul9jOIyh0N4M0tbC5hodg8dw=="
    },
    "node_modules/hashish": {
      "version": "0.0.4",
      "resolved": "https://registry.npmjs.org/hashish/-/hashish-0.0.4.tgz",
      "integrity": "sha512-xyD4XgslstNAs72ENaoFvgMwtv8xhiDtC2AtzCG+8yF7W/Knxxm9BX+e2s25mm+HxMKh0rBmXVOEGF3zNImXvA==",
      "dependencies": {
        "traverse": ">=0.2.4"
      },
      "engines": {
        "node": "*"
      }
    },
    "node_modules/levn": {
      "version": "0.3.0",
      "resolved": "https://registry.npmjs.org/levn/-/levn-0.3.0.tgz",
      "integrity": "sha512-0OO4y2iOHix2W6ujICbKIaEQXvFQHue65vUG3pb5EUomzPI90z9hsA1VsO/dbIIpC53J8gxM9Q4Oho0jrCM/yA==",
      "dependencies": {
        "prelude-ls": "~1.1.2",
        "type-check": "~0.3.2"
      },
      "engines": {
        "node": ">= 0.8.0"
      }
    },
    "node_modules/lru-cache": {
      "version": "2.5.0",
      "resolved": "https://registry.npmjs.org/lru-cache/-/lru-cache-2.5.0.tgz",
      "integrity": "sha512-dVmQmXPBlTgFw77hm60ud//l2bCuDKkqC2on1EBoM7s9Urm9IQDrnujwZ93NFnAq0dVZ0HBXTS7PwEG+YE7+EQ=="
    },
    "node_modules/memoizeasync": {
      "version": "1.1.0",
      "resolved": "https://registry.npmjs.org/memoizeasync/-/memoizeasync-1.1.0.tgz",
      "integrity": "sha512-HMfzdLqClZo8HMyuM9B6TqnXCNhw82iVWRLqd2cAdXi063v2iJB4mQfWFeKVByN8VUwhmDZ8NMhryBwKrPRf8Q==",
      "dependencies": {
        "lru-cache": "2.5.0",
        "passerror": "1.1.1"
      }
    },
    "node_modules/optionator": {
      "version": "0.8.3",
      "resolved": "https://registry.npmjs.org/optionator/-/optionator-0.8.3.tgz",
      "integrity": "sha512-+IW9pACdk3XWmmTXG8m3upGUJst5XRGzxMRjXzAuJ1XnIFNvfhjjIuYkDvysnPQ7qzqVzLt78BCruntqRhWQbA==",
      "dependencies": {
        "deep-is": "~0.1.3",
        "fast-levenshtein": "~2.0.6",
        "levn": "~0.3.0",
        "prelude-ls": "~1.1.2",
        "type-check": "~0.3.2",
        "word-wrap": "~1.2.3"
      },
      "engines": {
        "node": ">= 0.8.0"
      }
    },
    "node_modules/passerror": {
      "version": "1.1.1",
      "resolved": "https://registry.npmjs.org/passerror/-/passerror-1.1.1.tgz",
      "integrity": "sha512-PwrEQJBkJMxnxG+tdraz95vTstYnCRqiURNbGtg/vZHLgcAODc9hbiD5ZumGUoh3bpw0F0qKLje7Vd2Fd5Lx3g==",
      "engines": {
        "node": "*"
      }
    },
    "node_modules/pegjs": {
      "version": "0.10.0",
      "resolved": "https://registry.npmjs.org/pegjs/-/pegjs-0.10.0.tgz",
      "integrity": "sha512-qI5+oFNEGi3L5HAxDwN2LA4Gg7irF70Zs25edhjld9QemOgp0CbvMtbFcMvFtEo1OityPrcCzkQFB8JP/hxgow==",
      "bin": {
        "pegjs": "bin/pegjs"
      },
      "engines": {
        "node": ">=0.10"
      }
    },
    "node_modules/prelude-ls": {
      "version": "1.1.2",
      "resolved": "https://registry.npmjs.org/prelude-ls/-/prelude-ls-1.1.2.tgz",
      "integrity": "sha512-ESF23V4SKG6lVSGZgYNpbsiaAkdab6ZgOxe52p7+Kid3W3u3bxR4Vfd/o21dmN7jSt0IwgZ4v5MUd26FEtXE9w==",
      "engines": {
        "node": ">= 0.8.0"
      }
    },
    "node_modules/seq": {
      "version": "0.3.5",
      "resolved": "https://registry.npmjs.org/seq/-/seq-0.3.5.tgz",
      "integrity": "sha512-sisY2Ln1fj43KBkRtXkesnRHYNdswIkIibvNe/0UKm2GZxjMbqmccpiatoKr/k2qX5VKiLU8xm+tz/74LAho4g==",
      "dependencies": {
        "chainsaw": ">=0.0.7 <0.1",
        "hashish": ">=0.0.2 <0.1"
      },
      "engines": {
        "node": "*"
      }
    },
    "node_modules/source-map": {
      "version": "0.6.1",
      "resolved": "https://registry.npmjs.org/source-map/-/source-map-0.6.1.tgz",
      "integrity": "sha512-UjgapumWlbMhkBgzT7Ykc5YXUT46F0iKu8SGXq0bcwP5dz/h0Plj6enJqjz1Zbq2l5WaqYnrVbwWOWMyF3F47g==",
      "optional": true,
      "engines": {
        "node": ">=0.10.0"
      }
    },
    "node_modules/traverse": {
      "version": "0.3.9",
      "resolved": "https://registry.npmjs.org/traverse/-/traverse-0.3.9.tgz",
      "integrity": "sha512-iawgk0hLP3SxGKDfnDJf8wTz4p2qImnyihM5Hh/sGvQ3K37dPi/w8sRhdNIxYA1TwFwc5mDhIJq+O0RsvXBKdQ==",
      "engines": {
        "node": "*"
      }
    },
    "node_modules/type-check": {
      "version": "0.3.2",
      "resolved": "https://registry.npmjs.org/type-check/-/type-check-0.3.2.tgz",
      "integrity": "sha512-ZCmOJdvOWDBYJlzAoFkC+Q0+bUyEOS1ltgp1MGU03fqHG+dbi9tBFU2Rd9QKiDZFAYrhPh2JUf7rZRIuHRKtOg==",
      "dependencies": {
        "prelude-ls": "~1.1.2"
      },
      "engines": {
        "node": ">= 0.8.0"
      }
    },
    "node_modules/unicoderegexp": {
      "version": "0.4.1",
      "resolved": "https://registry.npmjs.org/unicoderegexp/-/unicoderegexp-0.4.1.tgz",
      "integrity": "sha512-ydh8D5mdd2ldTS25GtZJEgLciuF0Qf2n3rwPhonELk3HioX201ClYGvZMc1bCmx6nblZiADQwbMWekeIqs51qw=="
    },
    "node_modules/word-wrap": {
      "version": "1.2.3",
      "resolved": "https://registry.npmjs.org/word-wrap/-/word-wrap-1.2.3.tgz",
      "integrity": "sha512-Hz/mrNwitNRh/HUAtM/VT/5VH+ygD6DV7mYKZAtHOrbs8U7lvPS6xf7EJKMF0uW1KJCl0H701g3ZGus+muE5vQ==",
      "engines": {
        "node": ">=0.10.0"
      }
    },
    "node_modules/xpath": {
      "version": "0.0.32",
      "resolved": "https://registry.npmjs.org/xpath/-/xpath-0.0.32.tgz",
      "integrity": "sha512-rxMJhSIoiO8vXcWvSifKqhvV96GjiD5wYb8/QHdoRyQvraTpp4IEv944nhGausZZ3u7dhQXteZuZbaqfpB7uYw==",
      "engines": {
        "node": ">=0.6.0"
      }
    }
  },
  "dependencies": {
    "@xmldom/xmldom": {
      "version": "0.8.2",
      "resolved": "https://registry.npmjs.org/@xmldom/xmldom/-/xmldom-0.8.2.tgz",
      "integrity": "sha512-+R0juSseERyoPvnBQ/cZih6bpF7IpCXlWbHRoCRzYzqpz6gWHOgf8o4MOEf6KBVuOyqU+gCNLkCWVIJAro8XyQ=="
    },
    "chainsaw": {
      "version": "0.0.9",
      "resolved": "https://registry.npmjs.org/chainsaw/-/chainsaw-0.0.9.tgz",
      "integrity": "sha512-nG8PYH+/4xB+8zkV4G844EtfvZ5tTiLFoX3dZ4nhF4t3OCKIb9UvaFyNmeZO2zOSmRWzBoTD+napN6hiL+EgcA==",
      "requires": {
        "traverse": ">=0.3.0 <0.4"
      }
    },
    "cldr": {
      "version": "7.2.0",
      "resolved": "https://registry.npmjs.org/cldr/-/cldr-7.2.0.tgz",
      "integrity": "sha512-NJB6wpFlIVrS4BhA/Q1a6UuS6MuFr5o2XhfosM6a+W+rad/Rt0HLLX3kuXdRrwHQZvla25iuzTkRnxOKjS+VhQ==",
      "requires": {
        "@xmldom/xmldom": "^0.8.0",
        "escodegen": "^2.0.0",
        "esprima": "^4.0.1",
        "memoizeasync": "^1.1.0",
        "passerror": "^1.1.1",
        "pegjs": "^0.10.0",
        "seq": "^0.3.5",
        "unicoderegexp": "^0.4.1",
        "xpath": "^0.0.32"
      }
    },
    "deep-is": {
      "version": "0.1.4",
      "resolved": "https://registry.npmjs.org/deep-is/-/deep-is-0.1.4.tgz",
      "integrity": "sha512-oIPzksmTg4/MriiaYGO+okXDT7ztn/w3Eptv/+gSIdMdKsJo0u4CfYNFJPy+4SKMuCqGw2wxnA+URMg3t8a/bQ=="
    },
    "escodegen": {
      "version": "2.0.0",
      "resolved": "https://registry.npmjs.org/escodegen/-/escodegen-2.0.0.tgz",
      "integrity": "sha512-mmHKys/C8BFUGI+MAWNcSYoORYLMdPzjrknd2Vc+bUsjN5bXcr8EhrNB+UTqfL1y3I9c4fw2ihgtMPQLBRiQxw==",
      "requires": {
        "esprima": "^4.0.1",
        "estraverse": "^5.2.0",
        "esutils": "^2.0.2",
        "optionator": "^0.8.1",
        "source-map": "~0.6.1"
      }
    },
    "esprima": {
      "version": "4.0.1",
      "resolved": "https://registry.npmjs.org/esprima/-/esprima-4.0.1.tgz",
      "integrity": "sha512-eGuFFw7Upda+g4p+QHvnW0RyTX/SVeJBDM/gCtMARO0cLuT2HcEKnTPvhjV6aGeqrCB/sbNop0Kszm0jsaWU4A=="
    },
    "estraverse": {
      "version": "5.3.0",
      "resolved": "https://registry.npmjs.org/estraverse/-/estraverse-5.3.0.tgz",
      "integrity": "sha512-MMdARuVEQziNTeJD8DgMqmhwR11BRQ/cBP+pLtYdSTnf3MIO8fFeiINEbX36ZdNlfU/7A9f3gUw49B3oQsvwBA=="
    },
    "esutils": {
      "version": "2.0.3",
      "resolved": "https://registry.npmjs.org/esutils/-/esutils-2.0.3.tgz",
      "integrity": "sha512-kVscqXk4OCp68SZ0dkgEKVi6/8ij300KBWTJq32P/dYeWTSwK41WyTxalN1eRmA5Z9UU/LX9D7FWSmV9SAYx6g=="
    },
    "fast-levenshtein": {
      "version": "2.0.6",
      "resolved": "https://registry.npmjs.org/fast-levenshtein/-/fast-levenshtein-2.0.6.tgz",
      "integrity": "sha512-DCXu6Ifhqcks7TZKY3Hxp3y6qphY5SJZmrWMDrKcERSOXWQdMhU9Ig/PYrzyw/ul9jOIyh0N4M0tbC5hodg8dw=="
    },
    "hashish": {
      "version": "0.0.4",
      "resolved": "https://registry.npmjs.org/hashish/-/hashish-0.0.4.tgz",
      "integrity": "sha512-xyD4XgslstNAs72ENaoFvgMwtv8xhiDtC2AtzCG+8yF7W/Knxxm9BX+e2s25mm+HxMKh0rBmXVOEGF3zNImXvA==",
      "requires": {
        "traverse": ">=0.2.4"
      }
    },
    "levn": {
      "version": "0.3.0",
      "resolved": "https://registry.npmjs.org/levn/-/levn-0.3.0.tgz",
      "integrity": "sha512-0OO4y2iOHix2W6ujICbKIaEQXvFQHue65vUG3pb5EUomzPI90z9hsA1VsO/dbIIpC53J8gxM9Q4Oho0jrCM/yA==",
      "requires": {
        "prelude-ls": "~1.1.2",
        "type-check": "~0.3.2"
      }
    },
    "lru-cache": {
      "version": "2.5.0",
      "resolved": "https://registry.npmjs.org/lru-cache/-/lru-cache-2.5.0.tgz",
      "integrity": "sha512-dVmQmXPBlTgFw77hm60ud//l2bCuDKkqC2on1EBoM7s9Urm9IQDrnujwZ93NFnAq0dVZ0HBXTS7PwEG+YE7+EQ=="
    },
    "memoizeasync": {
      "version": "1.1.0",
      "resolved": "https://registry.npmjs.org/memoizeasync/-/memoizeasync-1.1.0.tgz",
      "integrity": "sha512-HMfzdLqClZo8HMyuM9B6TqnXCNhw82iVWRLqd2cAdXi063v2iJB4mQfWFeKVByN8VUwhmDZ8NMhryBwKrPRf8Q==",
      "requires": {
        "lru-cache": "2.5.0",
        "passerror": "1.1.1"
      }
    },
    "optionator": {
      "version": "0.8.3",
      "resolved": "https://registry.npmjs.org/optionator/-/optionator-0.8.3.tgz",
      "integrity": "sha512-+IW9pACdk3XWmmTXG8m3upGUJst5XRGzxMRjXzAuJ1XnIFNvfhjjIuYkDvysnPQ7qzqVzLt78BCruntqRhWQbA==",
      "requires": {
        "deep-is": "~0.1.3",
        "fast-levenshtein": "~2.0.6",
        "levn": "~0.3.0",
        "prelude-ls": "~1.1.2",
        "type-check": "~0.3.2",
        "word-wrap": "~1.2.3"
      }
    },
    "passerror": {
      "version": "1.1.1",
      "resolved": "https://registry.npmjs.org/passerror/-/passerror-1.1.1.tgz",
      "integrity": "sha512-PwrEQJBkJMxnxG+tdraz95vTstYnCRqiURNbGtg/vZHLgcAODc9hbiD5ZumGUoh3bpw0F0qKLje7Vd2Fd5Lx3g=="
    },
    "pegjs": {
      "version": "0.10.0",
      "resolved": "https://registry.npmjs.org/pegjs/-/pegjs-0.10.0.tgz",
      "integrity": "sha512-qI5+oFNEGi3L5HAxDwN2LA4Gg7irF70Zs25edhjld9QemOgp0CbvMtbFcMvFtEo1OityPrcCzkQFB8JP/hxgow=="
    },
    "prelude-ls": {
      "version": "1.1.2",
      "resolved": "https://registry.npmjs.org/prelude-ls/-/prelude-ls-1.1.2.tgz",
      "integrity": "sha512-ESF23V4SKG6lVSGZgYNpbsiaAkdab6ZgOxe52p7+Kid3W3u3bxR4Vfd/o21dmN7jSt0IwgZ4v5MUd26FEtXE9w=="
    },
    "seq": {
      "version": "0.3.5",
      "resolved": "https://registry.npmjs.org/seq/-/seq-0.3.5.tgz",
      "integrity": "sha512-sisY2Ln1fj43KBkRtXkesnRHYNdswIkIibvNe/0UKm2GZxjMbqmccpiatoKr/k2qX5VKiLU8xm+tz/74LAho4g==",
      "requires": {
        "chainsaw": ">=0.0.7 <0.1",
        "hashish": ">=0.0.2 <0.1"
      }
    },
    "source-map": {
      "version": "0.6.1",
      "resolved": "https://registry.npmjs.org/source-map/-/source-map-0.6.1.tgz",
      "integrity": "sha512-UjgapumWlbMhkBgzT7Ykc5YXUT46F0iKu8SGXq0bcwP5dz/h0Plj6enJqjz1Zbq2l5WaqYnrVbwWOWMyF3F47g==",
      "optional": true
    },
    "traverse": {
      "version": "0.3.9",
      "resolved": "https://registry.npmjs.org/traverse/-/traverse-0.3.9.tgz",
      "integrity": "sha512-iawgk0hLP3SxGKDfnDJf8wTz4p2qImnyihM5Hh/sGvQ3K37dPi/w8sRhdNIxYA1TwFwc5mDhIJq+O0RsvXBKdQ=="
    },
    "type-check": {
      "version": "0.3.2",
      "resolved": "https://registry.npmjs.org/type-check/-/type-check-0.3.2.tgz",
      "integrity": "sha512-ZCmOJdvOWDBYJlzAoFkC+Q0+bUyEOS1ltgp1MGU03fqHG+dbi9tBFU2Rd9QKiDZFAYrhPh2JUf7rZRIuHRKtOg==",
      "requires": {
        "prelude-ls": "~1.1.2"
      }
    },
    "unicoderegexp": {
      "version": "0.4.1",
      "resolved": "https://registry.npmjs.org/unicoderegexp/-/unicoderegexp-0.4.1.tgz",
      "integrity": "sha512-ydh8D5mdd2ldTS25GtZJEgLciuF0Qf2n3rwPhonELk3HioX201ClYGvZMc1bCmx6nblZiADQwbMWekeIqs51qw=="
    },
    "word-wrap": {
      "version": "1.2.3",
      "resolved": "https://registry.npmjs.org/word-wrap/-/word-wrap-1.2.3.tgz",
      "integrity": "sha512-Hz/mrNwitNRh/HUAtM/VT/5VH+ygD6DV7mYKZAtHOrbs8U7lvPS6xf7EJKMF0uW1KJCl0H701g3ZGus+muE5vQ=="
    },
    "xpath": {
      "version": "0.0.32",
      "resolved": "https://registry.npmjs.org/xpath/-/xpath-0.0.32.tgz",
      "integrity": "sha512-rxMJhSIoiO8vXcWvSifKqhvV96GjiD5wYb8/QHdoRyQvraTpp4IEv944nhGausZZ3u7dhQXteZuZbaqfpB7uYw=="
    }
  }
}
