
Microsoft Visual Studio Solution File, Format Version 12.00
# Visual Studio Version 17
VisualStudioVersion = 17.3.32811.315
MinimumVisualStudioVersion = 10.0.40219.1
Project("{9A19103F-16F7-4668-BE54-9A1E7A4F7556}") = "SurfsUp", "SurfsUp\SurfsUp.csproj", "{A3B322E3-C856-4510-918B-C7FE302E990D}"
EndProject
Project("{9A19103F-16F7-4668-BE54-9A1E7A4F7556}") = "SurfsUpAPI", "SurfsUpAPI\SurfsUpAPI.csproj", "{7F5A478D-5221-4972-A19B-CDBEA5918684}"
EndProject
Project("{9A19103F-16F7-4668-BE54-9A1E7A4F7556}") = "Models", "Models\Models.csproj", "{50A6DD97-EE51-4EE3-A771-68A923592782}"
EndProject
Project("{9A19103F-16F7-4668-BE54-9A1E7A4F7556}") = "Data", "Data\Data.csproj", "{FD071FC2-6B72-4266-9DD3-8E2B3A7F9EAA}"
EndProject
Project("{FAE04EC0-301F-11D3-BF4B-00C04F79EFBC}") = "UnitTesting", "UnitTesting\UnitTesting.csproj", "{988F6E57-5F3D-42D3-9A38-C2459B128BAE}"
EndProject
Global
	GlobalSection(SolutionConfigurationPlatforms) = preSolution
		Debug|Any CPU = Debug|Any CPU
		Release|Any CPU = Release|Any CPU
	EndGlobalSection
	GlobalSection(ProjectConfigurationPlatforms) = postSolution
		{A3B322E3-C856-4510-918B-C7FE302E990D}.Debug|Any CPU.ActiveCfg = Debug|Any CPU
		{A3B322E3-C856-4510-918B-C7FE302E990D}.Debug|Any CPU.Build.0 = Debug|Any CPU
		{A3B322E3-C856-4510-918B-C7FE302E990D}.Release|Any CPU.ActiveCfg = Release|Any CPU
		{A3B322E3-C856-4510-918B-C7FE302E990D}.Release|Any CPU.Build.0 = Release|Any CPU
		{7F5A478D-5221-4972-A19B-CDBEA5918684}.Debug|Any CPU.ActiveCfg = Debug|Any CPU
		{7F5A478D-5221-4972-A19B-CDBEA5918684}.Debug|Any CPU.Build.0 = Debug|Any CPU
		{7F5A478D-5221-4972-A19B-CDBEA5918684}.Release|Any CPU.ActiveCfg = Release|Any CPU
		{7F5A478D-5221-4972-A19B-CDBEA5918684}.Release|Any CPU.Build.0 = Release|Any CPU
		{50A6DD97-EE51-4EE3-A771-68A923592782}.Debug|Any CPU.ActiveCfg = Debug|Any CPU
		{50A6DD97-EE51-4EE3-A771-68A923592782}.Debug|Any CPU.Build.0 = Debug|Any CPU
		{50A6DD97-EE51-4EE3-A771-68A923592782}.Release|Any CPU.ActiveCfg = Release|Any CPU
		{50A6DD97-EE51-4EE3-A771-68A923592782}.Release|Any CPU.Build.0 = Release|Any CPU
		{FD071FC2-6B72-4266-9DD3-8E2B3A7F9EAA}.Debug|Any CPU.ActiveCfg = Debug|Any CPU
		{FD071FC2-6B72-4266-9DD3-8E2B3A7F9EAA}.Debug|Any CPU.Build.0 = Debug|Any CPU
		{FD071FC2-6B72-4266-9DD3-8E2B3A7F9EAA}.Release|Any CPU.ActiveCfg = Release|Any CPU
		{FD071FC2-6B72-4266-9DD3-8E2B3A7F9EAA}.Release|Any CPU.Build.0 = Release|Any CPU
		{988F6E57-5F3D-42D3-9A38-C2459B128BAE}.Debug|Any CPU.ActiveCfg = Debug|Any CPU
		{988F6E57-5F3D-42D3-9A38-C2459B128BAE}.Debug|Any CPU.Build.0 = Debug|Any CPU
		{988F6E57-5F3D-42D3-9A38-C2459B128BAE}.Release|Any CPU.ActiveCfg = Release|Any CPU
		{988F6E57-5F3D-42D3-9A38-C2459B128BAE}.Release|Any CPU.Build.0 = Release|Any CPU
	EndGlobalSection
	GlobalSection(SolutionProperties) = preSolution
		HideSolutionNode = FALSE
	EndGlobalSection
	GlobalSection(ExtensibilityGlobals) = postSolution
		SolutionGuid = {5C72BB93-2CE7-4B19-9037-6691D006B9E2}
	EndGlobalSection
EndGlobal
